
Microsoft Visual Studio Solution File, Format Version 12.00
Project("{FAE04EC0-301F-11D3-BF4B-00C04F79EFBC}") = "HttpCommanding.Infrastructure", "HttpCommanding.Infrastructure\HttpCommanding.Infrastructure.csproj", "{1314FBCE-C44B-49F6-828E-945A6BA638AE}"
EndProject
Project("{FAE04EC0-301F-11D3-BF4B-00C04F79EFBC}") = "HttpCommanding.Infrastructure.Tests", "HttpCommanding.Infrastructure.Tests\HttpCommanding.Infrastructure.Tests.csproj", "{8AFD4F20-768C-459A-B135-F69757A2EA25}"
EndProject
Project("{FAE04EC0-301F-11D3-BF4B-00C04F79EFBC}") = "HttpCommanding.Middleware", "HttpCommanding.Middleware\HttpCommanding.Middleware.csproj", "{18BF7974-A210-44CB-93A7-D297DD1219A3}"
EndProject
Project("{FAE04EC0-301F-11D3-BF4B-00C04F79EFBC}") = "HttpCommanding.Middleware.Tests", "HttpCommanding.Middleware.Tests\HttpCommanding.Middleware.Tests.csproj", "{C047D6A4-A7CA-485F-A161-518E30385709}"
EndProject
Project("{FAE04EC0-301F-11D3-BF4B-00C04F79EFBC}") = "HttpCommanding.Playground", "HttpCommanding.Playground\HttpCommanding.Playground.csproj", "{E0F583B3-6839-4B82-9026-5B2688AE21C7}"
EndProject
Project("{FAE04EC0-301F-11D3-BF4B-00C04F79EFBC}") = "HttpCommanding.Playground.Tests", "HttpCommanding.Playground.Tests\HttpCommanding.Playground.Tests.csproj", "{9EEBD8AA-16FB-44EB-9B16-7A21842C19A8}"
EndProject
Project("{2150E333-8FDC-42A3-9474-1A3956D46DE8}") = "Playground", "Playground", "{EC679A88-0503-46CB-BDA6-29952B2498B1}"
EndProject
Project("{2150E333-8FDC-42A3-9474-1A3956D46DE8}") = "Tests", "Tests", "{563A480F-89DC-4BF0-9CBA-7838811189D2}"
EndProject
Global
	GlobalSection(SolutionConfigurationPlatforms) = preSolution
		Debug|Any CPU = Debug|Any CPU
		Release|Any CPU = Release|Any CPU
	EndGlobalSection
	GlobalSection(ProjectConfigurationPlatforms) = postSolution
		{1314FBCE-C44B-49F6-828E-945A6BA638AE}.Debug|Any CPU.ActiveCfg = Debug|Any CPU
		{1314FBCE-C44B-49F6-828E-945A6BA638AE}.Debug|Any CPU.Build.0 = Debug|Any CPU
		{1314FBCE-C44B-49F6-828E-945A6BA638AE}.Release|Any CPU.ActiveCfg = Release|Any CPU
		{1314FBCE-C44B-49F6-828E-945A6BA638AE}.Release|Any CPU.Build.0 = Release|Any CPU
		{8AFD4F20-768C-459A-B135-F69757A2EA25}.Debug|Any CPU.ActiveCfg = Debug|Any CPU
		{8AFD4F20-768C-459A-B135-F69757A2EA25}.Debug|Any CPU.Build.0 = Debug|Any CPU
		{8AFD4F20-768C-459A-B135-F69757A2EA25}.Release|Any CPU.ActiveCfg = Release|Any CPU
		{8AFD4F20-768C-459A-B135-F69757A2EA25}.Release|Any CPU.Build.0 = Release|Any CPU
		{18BF7974-A210-44CB-93A7-D297DD1219A3}.Debug|Any CPU.ActiveCfg = Debug|Any CPU
		{18BF7974-A210-44CB-93A7-D297DD1219A3}.Debug|Any CPU.Build.0 = Debug|Any CPU
		{18BF7974-A210-44CB-93A7-D297DD1219A3}.Release|Any CPU.ActiveCfg = Release|Any CPU
		{18BF7974-A210-44CB-93A7-D297DD1219A3}.Release|Any CPU.Build.0 = Release|Any CPU
		{C047D6A4-A7CA-485F-A161-518E30385709}.Debug|Any CPU.ActiveCfg = Debug|Any CPU
		{C047D6A4-A7CA-485F-A161-518E30385709}.Debug|Any CPU.Build.0 = Debug|Any CPU
		{C047D6A4-A7CA-485F-A161-518E30385709}.Release|Any CPU.ActiveCfg = Release|Any CPU
		{C047D6A4-A7CA-485F-A161-518E30385709}.Release|Any CPU.Build.0 = Release|Any CPU
		{E0F583B3-6839-4B82-9026-5B2688AE21C7}.Debug|Any CPU.ActiveCfg = Debug|Any CPU
		{E0F583B3-6839-4B82-9026-5B2688AE21C7}.Debug|Any CPU.Build.0 = Debug|Any CPU
		{E0F583B3-6839-4B82-9026-5B2688AE21C7}.Release|Any CPU.ActiveCfg = Release|Any CPU
		{E0F583B3-6839-4B82-9026-5B2688AE21C7}.Release|Any CPU.Build.0 = Release|Any CPU
		{9EEBD8AA-16FB-44EB-9B16-7A21842C19A8}.Debug|Any CPU.ActiveCfg = Debug|Any CPU
		{9EEBD8AA-16FB-44EB-9B16-7A21842C19A8}.Debug|Any CPU.Build.0 = Debug|Any CPU
		{9EEBD8AA-16FB-44EB-9B16-7A21842C19A8}.Release|Any CPU.ActiveCfg = Release|Any CPU
		{9EEBD8AA-16FB-44EB-9B16-7A21842C19A8}.Release|Any CPU.Build.0 = Release|Any CPU
	EndGlobalSection
	GlobalSection(NestedProjects) = preSolution
		{E0F583B3-6839-4B82-9026-5B2688AE21C7} = {EC679A88-0503-46CB-BDA6-29952B2498B1}
		{9EEBD8AA-16FB-44EB-9B16-7A21842C19A8} = {EC679A88-0503-46CB-BDA6-29952B2498B1}
		{C047D6A4-A7CA-485F-A161-518E30385709} = {563A480F-89DC-4BF0-9CBA-7838811189D2}
		{8AFD4F20-768C-459A-B135-F69757A2EA25} = {563A480F-89DC-4BF0-9CBA-7838811189D2}
	EndGlobalSection
EndGlobal
